
Microsoft Visual Studio Solution File, Format Version 12.00
# Visual Studio 2012
Project("{FAE04EC0-301F-11D3-BF4B-00C04F79EFBC}") = "AmfData", "AmfData.csproj", "{39A8E77C-AA5D-4B11-9F77-AD5F2F08AA89}"
EndProject
Global
	GlobalSection(SolutionConfigurationPlatforms) = preSolution
		Debug|Any CPU = Debug|Any CPU
		Release|Any CPU = Release|Any CPU
	EndGlobalSection
	GlobalSection(ProjectConfigurationPlatforms) = postSolution
		{39A8E77C-AA5D-4B11-9F77-AD5F2F08AA89}.Debug|Any CPU.ActiveCfg = Debug|Any CPU
		{39A8E77C-AA5D-4B11-9F77-AD5F2F08AA89}.Debug|Any CPU.Build.0 = Debug|Any CPU
		{39A8E77C-AA5D-4B11-9F77-AD5F2F08AA89}.Release|Any CPU.ActiveCfg = Release|Any CPU
		{39A8E77C-AA5D-4B11-9F77-AD5F2F08AA89}.Release|Any CPU.Build.0 = Release|Any CPU
	EndGlobalSection
	GlobalSection(SolutionProperties) = preSolution
		HideSolutionNode = FALSE
	EndGlobalSection
EndGlobal
